
Microsoft Visual Studio Solution File, Format Version 12.00
# Visual Studio 2013
VisualStudioVersion = 12.0.21005.1
MinimumVisualStudioVersion = 10.0.40219.1
Project("{8BC9CEB8-8B4A-11D0-8D11-00A0C91BC942}") = "IniAnalysis", "IniAnalysis\IniAnalysis.vcxproj", "{01D0AD83-8570-4F1E-95DE-825E402BD698}"
EndProject
Project("{8BC9CEB8-8B4A-11D0-8D11-00A0C91BC942}") = "UnitTest1", "UnitTest1\UnitTest1.vcxproj", "{E3DB6EC4-2D38-4754-AC32-D6EA849A115D}"
EndProject
Global
	GlobalSection(SolutionConfigurationPlatforms) = preSolution
		Debug|Win32 = Debug|Win32
		Release|Win32 = Release|Win32
	EndGlobalSection
	GlobalSection(ProjectConfigurationPlatforms) = postSolution
		{01D0AD83-8570-4F1E-95DE-825E402BD698}.Debug|Win32.ActiveCfg = Debug|Win32
		{01D0AD83-8570-4F1E-95DE-825E402BD698}.Debug|Win32.Build.0 = Debug|Win32
		{01D0AD83-8570-4F1E-95DE-825E402BD698}.Release|Win32.ActiveCfg = Release|Win32
		{01D0AD83-8570-4F1E-95DE-825E402BD698}.Release|Win32.Build.0 = Release|Win32
		{E3DB6EC4-2D38-4754-AC32-D6EA849A115D}.Debug|Win32.ActiveCfg = Debug|Win32
		{E3DB6EC4-2D38-4754-AC32-D6EA849A115D}.Debug|Win32.Build.0 = Debug|Win32
		{E3DB6EC4-2D38-4754-AC32-D6EA849A115D}.Release|Win32.ActiveCfg = Release|Win32
		{E3DB6EC4-2D38-4754-AC32-D6EA849A115D}.Release|Win32.Build.0 = Release|Win32
	EndGlobalSection
	GlobalSection(SolutionProperties) = preSolution
		HideSolutionNode = FALSE
	EndGlobalSection
EndGlobal
